
Microsoft Visual Studio Solution File, Format Version 12.00
# Visual Studio 15
VisualStudioVersion = 15.0.26430.16
MinimumVisualStudioVersion = 10.0.40219.1
Project("{D954291E-2A0B-460D-934E-DC6B0785DB48}") = "Tabs", "Tabs\Tabs\Tabs.shproj", "{20004EE3-29B1-414D-B257-DDF101C420B9}"
EndProject
Project("{FAE04EC0-301F-11D3-BF4B-00C04F79EFBC}") = "Tabs.Android", "Tabs\Tabs.Android\Tabs.Android.csproj", "{9A029A67-EAEF-4D76-AD18-5AC5EA03929D}"
EndProject
Project("{FAE04EC0-301F-11D3-BF4B-00C04F79EFBC}") = "Tabs.iOS", "Tabs\Tabs.iOS\Tabs.iOS.csproj", "{7B48D754-F814-4356-BC25-E457A3D49E52}"
EndProject
Project("{FAE04EC0-301F-11D3-BF4B-00C04F79EFBC}") = "Tabs.UWP", "Tabs\Tabs.UWP\Tabs.UWP.csproj", "{B46E8345-01B5-49A2-82ED-93FF60485E05}"
EndProject
Global
	GlobalSection(SharedMSBuildProjectFiles) = preSolution
		Tabs\Tabs\Tabs.projitems*{20004ee3-29b1-414d-b257-ddf101c420b9}*SharedItemsImports = 13
		Tabs\Tabs\Tabs.projitems*{7b48d754-f814-4356-bc25-e457a3d49e52}*SharedItemsImports = 4
		Tabs\Tabs\Tabs.projitems*{9a029a67-eaef-4d76-ad18-5ac5ea03929d}*SharedItemsImports = 4
		Tabs\Tabs\Tabs.projitems*{b46e8345-01b5-49a2-82ed-93ff60485e05}*SharedItemsImports = 4
	EndGlobalSection
	GlobalSection(SolutionConfigurationPlatforms) = preSolution
		Ad-Hoc|Any CPU = Ad-Hoc|Any CPU
		Ad-Hoc|ARM = Ad-Hoc|ARM
		Ad-Hoc|iPhone = Ad-Hoc|iPhone
		Ad-Hoc|iPhoneSimulator = Ad-Hoc|iPhoneSimulator
		Ad-Hoc|x64 = Ad-Hoc|x64
		Ad-Hoc|x86 = Ad-Hoc|x86
		AppStore|Any CPU = AppStore|Any CPU
		AppStore|ARM = AppStore|ARM
		AppStore|iPhone = AppStore|iPhone
		AppStore|iPhoneSimulator = AppStore|iPhoneSimulator
		AppStore|x64 = AppStore|x64
		AppStore|x86 = AppStore|x86
		Debug|Any CPU = Debug|Any CPU
		Debug|ARM = Debug|ARM
		Debug|iPhone = Debug|iPhone
		Debug|iPhoneSimulator = Debug|iPhoneSimulator
		Debug|x64 = Debug|x64
		Debug|x86 = Debug|x86
		Release|Any CPU = Release|Any CPU
		Release|ARM = Release|ARM
		Release|iPhone = Release|iPhone
		Release|iPhoneSimulator = Release|iPhoneSimulator
		Release|x64 = Release|x64
		Release|x86 = Release|x86
	EndGlobalSection
	GlobalSection(ProjectConfigurationPlatforms) = postSolution
		{9A029A67-EAEF-4D76-AD18-5AC5EA03929D}.Ad-Hoc|Any CPU.ActiveCfg = Release|Any CPU
		{9A029A67-EAEF-4D76-AD18-5AC5EA03929D}.Ad-Hoc|Any CPU.Build.0 = Release|Any CPU
		{9A029A67-EAEF-4D76-AD18-5AC5EA03929D}.Ad-Hoc|Any CPU.Deploy.0 = Release|Any CPU
		{9A029A67-EAEF-4D76-AD18-5AC5EA03929D}.Ad-Hoc|ARM.ActiveCfg = Release|Any CPU
		{9A029A67-EAEF-4D76-AD18-5AC5EA03929D}.Ad-Hoc|ARM.Build.0 = Release|Any CPU
		{9A029A67-EAEF-4D76-AD18-5AC5EA03929D}.Ad-Hoc|ARM.Deploy.0 = Release|Any CPU
		{9A029A67-EAEF-4D76-AD18-5AC5EA03929D}.Ad-Hoc|iPhone.ActiveCfg = Release|Any CPU
		{9A029A67-EAEF-4D76-AD18-5AC5EA03929D}.Ad-Hoc|iPhone.Build.0 = Release|Any CPU
		{9A029A67-EAEF-4D76-AD18-5AC5EA03929D}.Ad-Hoc|iPhone.Deploy.0 = Release|Any CPU
		{9A029A67-EAEF-4D76-AD18-5AC5EA03929D}.Ad-Hoc|iPhoneSimulator.ActiveCfg = Release|Any CPU
		{9A029A67-EAEF-4D76-AD18-5AC5EA03929D}.Ad-Hoc|iPhoneSimulator.Build.0 = Release|Any CPU
		{9A029A67-EAEF-4D76-AD18-5AC5EA03929D}.Ad-Hoc|iPhoneSimulator.Deploy.0 = Release|Any CPU
		{9A029A67-EAEF-4D76-AD18-5AC5EA03929D}.Ad-Hoc|x64.ActiveCfg = Release|Any CPU
		{9A029A67-EAEF-4D76-AD18-5AC5EA03929D}.Ad-Hoc|x64.Build.0 = Release|Any CPU
		{9A029A67-EAEF-4D76-AD18-5AC5EA03929D}.Ad-Hoc|x64.Deploy.0 = Release|Any CPU
		{9A029A67-EAEF-4D76-AD18-5AC5EA03929D}.Ad-Hoc|x86.ActiveCfg = Release|Any CPU
		{9A029A67-EAEF-4D76-AD18-5AC5EA03929D}.Ad-Hoc|x86.Build.0 = Release|Any CPU
		{9A029A67-EAEF-4D76-AD18-5AC5EA03929D}.Ad-Hoc|x86.Deploy.0 = Release|Any CPU
		{9A029A67-EAEF-4D76-AD18-5AC5EA03929D}.AppStore|Any CPU.ActiveCfg = Release|Any CPU
		{9A029A67-EAEF-4D76-AD18-5AC5EA03929D}.AppStore|Any CPU.Build.0 = Release|Any CPU
		{9A029A67-EAEF-4D76-AD18-5AC5EA03929D}.AppStore|Any CPU.Deploy.0 = Release|Any CPU
		{9A029A67-EAEF-4D76-AD18-5AC5EA03929D}.AppStore|ARM.ActiveCfg = Release|Any CPU
		{9A029A67-EAEF-4D76-AD18-5AC5EA03929D}.AppStore|ARM.Build.0 = Release|Any CPU
		{9A029A67-EAEF-4D76-AD18-5AC5EA03929D}.AppStore|ARM.Deploy.0 = Release|Any CPU
		{9A029A67-EAEF-4D76-AD18-5AC5EA03929D}.AppStore|iPhone.ActiveCfg = Release|Any CPU
		{9A029A67-EAEF-4D76-AD18-5AC5EA03929D}.AppStore|iPhone.Build.0 = Release|Any CPU
		{9A029A67-EAEF-4D76-AD18-5AC5EA03929D}.AppStore|iPhone.Deploy.0 = Release|Any CPU
		{9A029A67-EAEF-4D76-AD18-5AC5EA03929D}.AppStore|iPhoneSimulator.ActiveCfg = Release|Any CPU
		{9A029A67-EAEF-4D76-AD18-5AC5EA03929D}.AppStore|iPhoneSimulator.Build.0 = Release|Any CPU
		{9A029A67-EAEF-4D76-AD18-5AC5EA03929D}.AppStore|iPhoneSimulator.Deploy.0 = Release|Any CPU
		{9A029A67-EAEF-4D76-AD18-5AC5EA03929D}.AppStore|x64.ActiveCfg = Release|Any CPU
		{9A029A67-EAEF-4D76-AD18-5AC5EA03929D}.AppStore|x64.Build.0 = Release|Any CPU
		{9A029A67-EAEF-4D76-AD18-5AC5EA03929D}.AppStore|x64.Deploy.0 = Release|Any CPU
		{9A029A67-EAEF-4D76-AD18-5AC5EA03929D}.AppStore|x86.ActiveCfg = Release|Any CPU
		{9A029A67-EAEF-4D76-AD18-5AC5EA03929D}.AppStore|x86.Build.0 = Release|Any CPU
		{9A029A67-EAEF-4D76-AD18-5AC5EA03929D}.AppStore|x86.Deploy.0 = Release|Any CPU
		{9A029A67-EAEF-4D76-AD18-5AC5EA03929D}.Debug|Any CPU.ActiveCfg = Debug|Any CPU
		{9A029A67-EAEF-4D76-AD18-5AC5EA03929D}.Debug|Any CPU.Build.0 = Debug|Any CPU
		{9A029A67-EAEF-4D76-AD18-5AC5EA03929D}.Debug|Any CPU.Deploy.0 = Debug|Any CPU
		{9A029A67-EAEF-4D76-AD18-5AC5EA03929D}.Debug|ARM.ActiveCfg = Debug|Any CPU
		{9A029A67-EAEF-4D76-AD18-5AC5EA03929D}.Debug|ARM.Build.0 = Debug|Any CPU
		{9A029A67-EAEF-4D76-AD18-5AC5EA03929D}.Debug|ARM.Deploy.0 = Debug|Any CPU
		{9A029A67-EAEF-4D76-AD18-5AC5EA03929D}.Debug|iPhone.ActiveCfg = Debug|Any CPU
		{9A029A67-EAEF-4D76-AD18-5AC5EA03929D}.Debug|iPhone.Build.0 = Debug|Any CPU
		{9A029A67-EAEF-4D76-AD18-5AC5EA03929D}.Debug|iPhone.Deploy.0 = Debug|Any CPU
		{9A029A67-EAEF-4D76-AD18-5AC5EA03929D}.Debug|iPhoneSimulator.ActiveCfg = Debug|Any CPU
		{9A029A67-EAEF-4D76-AD18-5AC5EA03929D}.Debug|iPhoneSimulator.Build.0 = Debug|Any CPU
		{9A029A67-EAEF-4D76-AD18-5AC5EA03929D}.Debug|iPhoneSimulator.Deploy.0 = Debug|Any CPU
		{9A029A67-EAEF-4D76-AD18-5AC5EA03929D}.Debug|x64.ActiveCfg = Debug|Any CPU
		{9A029A67-EAEF-4D76-AD18-5AC5EA03929D}.Debug|x64.Build.0 = Debug|Any CPU
		{9A029A67-EAEF-4D76-AD18-5AC5EA03929D}.Debug|x64.Deploy.0 = Debug|Any CPU
		{9A029A67-EAEF-4D76-AD18-5AC5EA03929D}.Debug|x86.ActiveCfg = Debug|Any CPU
		{9A029A67-EAEF-4D76-AD18-5AC5EA03929D}.Debug|x86.Build.0 = Debug|Any CPU
		{9A029A67-EAEF-4D76-AD18-5AC5EA03929D}.Debug|x86.Deploy.0 = Debug|Any CPU
		{9A029A67-EAEF-4D76-AD18-5AC5EA03929D}.Release|Any CPU.ActiveCfg = Release|Any CPU
		{9A029A67-EAEF-4D76-AD18-5AC5EA03929D}.Release|Any CPU.Build.0 = Release|Any CPU
		{9A029A67-EAEF-4D76-AD18-5AC5EA03929D}.Release|Any CPU.Deploy.0 = Release|Any CPU
		{9A029A67-EAEF-4D76-AD18-5AC5EA03929D}.Release|ARM.ActiveCfg = Release|Any CPU
		{9A029A67-EAEF-4D76-AD18-5AC5EA03929D}.Release|ARM.Build.0 = Release|Any CPU
		{9A029A67-EAEF-4D76-AD18-5AC5EA03929D}.Release|ARM.Deploy.0 = Release|Any CPU
		{9A029A67-EAEF-4D76-AD18-5AC5EA03929D}.Release|iPhone.ActiveCfg = Release|Any CPU
		{9A029A67-EAEF-4D76-AD18-5AC5EA03929D}.Release|iPhone.Build.0 = Release|Any CPU
		{9A029A67-EAEF-4D76-AD18-5AC5EA03929D}.Release|iPhone.Deploy.0 = Release|Any CPU
		{9A029A67-EAEF-4D76-AD18-5AC5EA03929D}.Release|iPhoneSimulator.ActiveCfg = Release|Any CPU
		{9A029A67-EAEF-4D76-AD18-5AC5EA03929D}.Release|iPhoneSimulator.Build.0 = Release|Any CPU
		{9A029A67-EAEF-4D76-AD18-5AC5EA03929D}.Release|iPhoneSimulator.Deploy.0 = Release|Any CPU
		{9A029A67-EAEF-4D76-AD18-5AC5EA03929D}.Release|x64.ActiveCfg = Release|Any CPU
		{9A029A67-EAEF-4D76-AD18-5AC5EA03929D}.Release|x64.Build.0 = Release|Any CPU
		{9A029A67-EAEF-4D76-AD18-5AC5EA03929D}.Release|x64.Deploy.0 = Release|Any CPU
		{9A029A67-EAEF-4D76-AD18-5AC5EA03929D}.Release|x86.ActiveCfg = Release|Any CPU
		{9A029A67-EAEF-4D76-AD18-5AC5EA03929D}.Release|x86.Build.0 = Release|Any CPU
		{9A029A67-EAEF-4D76-AD18-5AC5EA03929D}.Release|x86.Deploy.0 = Release|Any CPU
		{7B48D754-F814-4356-BC25-E457A3D49E52}.Ad-Hoc|Any CPU.ActiveCfg = Ad-Hoc|iPhone
		{7B48D754-F814-4356-BC25-E457A3D49E52}.Ad-Hoc|ARM.ActiveCfg = Ad-Hoc|iPhone
		{7B48D754-F814-4356-BC25-E457A3D49E52}.Ad-Hoc|iPhone.ActiveCfg = Ad-Hoc|iPhone
		{7B48D754-F814-4356-BC25-E457A3D49E52}.Ad-Hoc|iPhone.Build.0 = Ad-Hoc|iPhone
		{7B48D754-F814-4356-BC25-E457A3D49E52}.Ad-Hoc|iPhoneSimulator.ActiveCfg = Ad-Hoc|iPhoneSimulator
		{7B48D754-F814-4356-BC25-E457A3D49E52}.Ad-Hoc|iPhoneSimulator.Build.0 = Ad-Hoc|iPhoneSimulator
		{7B48D754-F814-4356-BC25-E457A3D49E52}.Ad-Hoc|x64.ActiveCfg = Ad-Hoc|iPhone
		{7B48D754-F814-4356-BC25-E457A3D49E52}.Ad-Hoc|x86.ActiveCfg = Ad-Hoc|iPhone
		{7B48D754-F814-4356-BC25-E457A3D49E52}.AppStore|Any CPU.ActiveCfg = AppStore|iPhone
		{7B48D754-F814-4356-BC25-E457A3D49E52}.AppStore|ARM.ActiveCfg = AppStore|iPhone
		{7B48D754-F814-4356-BC25-E457A3D49E52}.AppStore|iPhone.ActiveCfg = AppStore|iPhone
		{7B48D754-F814-4356-BC25-E457A3D49E52}.AppStore|iPhone.Build.0 = AppStore|iPhone
		{7B48D754-F814-4356-BC25-E457A3D49E52}.AppStore|iPhoneSimulator.ActiveCfg = AppStore|iPhoneSimulator
		{7B48D754-F814-4356-BC25-E457A3D49E52}.AppStore|iPhoneSimulator.Build.0 = AppStore|iPhoneSimulator
		{7B48D754-F814-4356-BC25-E457A3D49E52}.AppStore|x64.ActiveCfg = AppStore|iPhone
		{7B48D754-F814-4356-BC25-E457A3D49E52}.AppStore|x86.ActiveCfg = AppStore|iPhone
		{7B48D754-F814-4356-BC25-E457A3D49E52}.Debug|Any CPU.ActiveCfg = Debug|iPhone
		{7B48D754-F814-4356-BC25-E457A3D49E52}.Debug|ARM.ActiveCfg = Debug|iPhone
		{7B48D754-F814-4356-BC25-E457A3D49E52}.Debug|iPhone.ActiveCfg = Debug|iPhone
		{7B48D754-F814-4356-BC25-E457A3D49E52}.Debug|iPhone.Build.0 = Debug|iPhone
		{7B48D754-F814-4356-BC25-E457A3D49E52}.Debug|iPhoneSimulator.ActiveCfg = Debug|iPhoneSimulator
		{7B48D754-F814-4356-BC25-E457A3D49E52}.Debug|iPhoneSimulator.Build.0 = Debug|iPhoneSimulator
		{7B48D754-F814-4356-BC25-E457A3D49E52}.Debug|x64.ActiveCfg = Debug|iPhone
		{7B48D754-F814-4356-BC25-E457A3D49E52}.Debug|x86.ActiveCfg = Debug|iPhone
		{7B48D754-F814-4356-BC25-E457A3D49E52}.Release|Any CPU.ActiveCfg = Release|iPhone
		{7B48D754-F814-4356-BC25-E457A3D49E52}.Release|ARM.ActiveCfg = Release|iPhone
		{7B48D754-F814-4356-BC25-E457A3D49E52}.Release|iPhone.ActiveCfg = Release|iPhone
		{7B48D754-F814-4356-BC25-E457A3D49E52}.Release|iPhone.Build.0 = Release|iPhone
		{7B48D754-F814-4356-BC25-E457A3D49E52}.Release|iPhoneSimulator.ActiveCfg = Release|iPhoneSimulator
		{7B48D754-F814-4356-BC25-E457A3D49E52}.Release|iPhoneSimulator.Build.0 = Release|iPhoneSimulator
		{7B48D754-F814-4356-BC25-E457A3D49E52}.Release|x64.ActiveCfg = Release|iPhone
		{7B48D754-F814-4356-BC25-E457A3D49E52}.Release|x86.ActiveCfg = Release|iPhone
		{B46E8345-01B5-49A2-82ED-93FF60485E05}.Ad-Hoc|Any CPU.ActiveCfg = Release|x86
		{B46E8345-01B5-49A2-82ED-93FF60485E05}.Ad-Hoc|Any CPU.Build.0 = Release|x86
		{B46E8345-01B5-49A2-82ED-93FF60485E05}.Ad-Hoc|Any CPU.Deploy.0 = Release|x86
		{B46E8345-01B5-49A2-82ED-93FF60485E05}.Ad-Hoc|ARM.ActiveCfg = Release|ARM
		{B46E8345-01B5-49A2-82ED-93FF60485E05}.Ad-Hoc|ARM.Build.0 = Release|ARM
		{B46E8345-01B5-49A2-82ED-93FF60485E05}.Ad-Hoc|ARM.Deploy.0 = Release|ARM
		{B46E8345-01B5-49A2-82ED-93FF60485E05}.Ad-Hoc|iPhone.ActiveCfg = Release|x86
		{B46E8345-01B5-49A2-82ED-93FF60485E05}.Ad-Hoc|iPhone.Build.0 = Release|x86
		{B46E8345-01B5-49A2-82ED-93FF60485E05}.Ad-Hoc|iPhone.Deploy.0 = Release|x86
		{B46E8345-01B5-49A2-82ED-93FF60485E05}.Ad-Hoc|iPhoneSimulator.ActiveCfg = Release|x86
		{B46E8345-01B5-49A2-82ED-93FF60485E05}.Ad-Hoc|iPhoneSimulator.Build.0 = Release|x86
		{B46E8345-01B5-49A2-82ED-93FF60485E05}.Ad-Hoc|iPhoneSimulator.Deploy.0 = Release|x86
		{B46E8345-01B5-49A2-82ED-93FF60485E05}.Ad-Hoc|x64.ActiveCfg = Release|x64
		{B46E8345-01B5-49A2-82ED-93FF60485E05}.Ad-Hoc|x64.Build.0 = Release|x64
		{B46E8345-01B5-49A2-82ED-93FF60485E05}.Ad-Hoc|x64.Deploy.0 = Release|x64
		{B46E8345-01B5-49A2-82ED-93FF60485E05}.Ad-Hoc|x86.ActiveCfg = Release|x86
		{B46E8345-01B5-49A2-82ED-93FF60485E05}.Ad-Hoc|x86.Build.0 = Release|x86
		{B46E8345-01B5-49A2-82ED-93FF60485E05}.Ad-Hoc|x86.Deploy.0 = Release|x86
		{B46E8345-01B5-49A2-82ED-93FF60485E05}.AppStore|Any CPU.ActiveCfg = Release|x86
		{B46E8345-01B5-49A2-82ED-93FF60485E05}.AppStore|Any CPU.Build.0 = Release|x86
		{B46E8345-01B5-49A2-82ED-93FF60485E05}.AppStore|Any CPU.Deploy.0 = Release|x86
		{B46E8345-01B5-49A2-82ED-93FF60485E05}.AppStore|ARM.ActiveCfg = Release|ARM
		{B46E8345-01B5-49A2-82ED-93FF60485E05}.AppStore|ARM.Build.0 = Release|ARM
		{B46E8345-01B5-49A2-82ED-93FF60485E05}.AppStore|ARM.Deploy.0 = Release|ARM
		{B46E8345-01B5-49A2-82ED-93FF60485E05}.AppStore|iPhone.ActiveCfg = Release|x86
		{B46E8345-01B5-49A2-82ED-93FF60485E05}.AppStore|iPhone.Build.0 = Release|x86
		{B46E8345-01B5-49A2-82ED-93FF60485E05}.AppStore|iPhone.Deploy.0 = Release|x86
		{B46E8345-01B5-49A2-82ED-93FF60485E05}.AppStore|iPhoneSimulator.ActiveCfg = Release|x86
		{B46E8345-01B5-49A2-82ED-93FF60485E05}.AppStore|iPhoneSimulator.Build.0 = Release|x86
		{B46E8345-01B5-49A2-82ED-93FF60485E05}.AppStore|iPhoneSimulator.Deploy.0 = Release|x86
		{B46E8345-01B5-49A2-82ED-93FF60485E05}.AppStore|x64.ActiveCfg = Release|x64
		{B46E8345-01B5-49A2-82ED-93FF60485E05}.AppStore|x64.Build.0 = Release|x64
		{B46E8345-01B5-49A2-82ED-93FF60485E05}.AppStore|x64.Deploy.0 = Release|x64
		{B46E8345-01B5-49A2-82ED-93FF60485E05}.AppStore|x86.ActiveCfg = Release|x86
		{B46E8345-01B5-49A2-82ED-93FF60485E05}.AppStore|x86.Build.0 = Release|x86
		{B46E8345-01B5-49A2-82ED-93FF60485E05}.AppStore|x86.Deploy.0 = Release|x86
		{B46E8345-01B5-49A2-82ED-93FF60485E05}.Debug|Any CPU.ActiveCfg = Debug|x86
		{B46E8345-01B5-49A2-82ED-93FF60485E05}.Debug|ARM.ActiveCfg = Debug|ARM
		{B46E8345-01B5-49A2-82ED-93FF60485E05}.Debug|ARM.Build.0 = Debug|ARM
		{B46E8345-01B5-49A2-82ED-93FF60485E05}.Debug|ARM.Deploy.0 = Debug|ARM
		{B46E8345-01B5-49A2-82ED-93FF60485E05}.Debug|iPhone.ActiveCfg = Debug|x86
		{B46E8345-01B5-49A2-82ED-93FF60485E05}.Debug|iPhoneSimulator.ActiveCfg = Debug|x86
		{B46E8345-01B5-49A2-82ED-93FF60485E05}.Debug|x64.ActiveCfg = Debug|x64
		{B46E8345-01B5-49A2-82ED-93FF60485E05}.Debug|x64.Build.0 = Debug|x64
		{B46E8345-01B5-49A2-82ED-93FF60485E05}.Debug|x64.Deploy.0 = Debug|x64
		{B46E8345-01B5-49A2-82ED-93FF60485E05}.Debug|x86.ActiveCfg = Debug|x86
		{B46E8345-01B5-49A2-82ED-93FF60485E05}.Debug|x86.Build.0 = Debug|x86
		{B46E8345-01B5-49A2-82ED-93FF60485E05}.Debug|x86.Deploy.0 = Debug|x86
		{B46E8345-01B5-49A2-82ED-93FF60485E05}.Release|Any CPU.ActiveCfg = Release|x86
		{B46E8345-01B5-49A2-82ED-93FF60485E05}.Release|ARM.ActiveCfg = Release|ARM
		{B46E8345-01B5-49A2-82ED-93FF60485E05}.Release|ARM.Build.0 = Release|ARM
		{B46E8345-01B5-49A2-82ED-93FF60485E05}.Release|ARM.Deploy.0 = Release|ARM
		{B46E8345-01B5-49A2-82ED-93FF60485E05}.Release|iPhone.ActiveCfg = Release|x86
		{B46E8345-01B5-49A2-82ED-93FF60485E05}.Release|iPhoneSimulator.ActiveCfg = Release|x86
		{B46E8345-01B5-49A2-82ED-93FF60485E05}.Release|x64.ActiveCfg = Release|x64
		{B46E8345-01B5-49A2-82ED-93FF60485E05}.Release|x64.Build.0 = Release|x64
		{B46E8345-01B5-49A2-82ED-93FF60485E05}.Release|x64.Deploy.0 = Release|x64
		{B46E8345-01B5-49A2-82ED-93FF60485E05}.Release|x86.ActiveCfg = Release|x86
		{B46E8345-01B5-49A2-82ED-93FF60485E05}.Release|x86.Build.0 = Release|x86
		{B46E8345-01B5-49A2-82ED-93FF60485E05}.Release|x86.Deploy.0 = Release|x86
	EndGlobalSection
	GlobalSection(SolutionProperties) = preSolution
		HideSolutionNode = FALSE
	EndGlobalSection
EndGlobal
